
Microsoft Visual Studio Solution File, Format Version 12.00
# Visual Studio Version 17
VisualStudioVersion = 17.9.34723.18
MinimumVisualStudioVersion = 10.0.40219.1
Project("{9A19103F-16F7-4668-BE54-9A1E7A4F7556}") = "az204quizmasterAPI", "az204quizmasterAPI\az204quizmasterAPI.csproj", "{AE4162CE-7EFE-4370-ADC7-03CE91FFF406}"
EndProject
Project("{2150E333-8FDC-42A3-9474-1A3956D46DE8}") = "Solution Items", "Solution Items", "{E6D06D51-7D6E-4495-A9F5-67298D669FEE}"
EndProject
Project("{FAE04EC0-301F-11D3-BF4B-00C04F79EFBC}") = "Test", "Test\Test.csproj", "{078D5E57-0B63-4047-863F-3CF0CE1ED79B}"
EndProject
Global
	GlobalSection(SolutionConfigurationPlatforms) = preSolution
		Debug|Any CPU = Debug|Any CPU
		Release|Any CPU = Release|Any CPU
	EndGlobalSection
	GlobalSection(ProjectConfigurationPlatforms) = postSolution
		{AE4162CE-7EFE-4370-ADC7-03CE91FFF406}.Debug|Any CPU.ActiveCfg = Debug|Any CPU
		{AE4162CE-7EFE-4370-ADC7-03CE91FFF406}.Debug|Any CPU.Build.0 = Debug|Any CPU
		{AE4162CE-7EFE-4370-ADC7-03CE91FFF406}.Release|Any CPU.ActiveCfg = Release|Any CPU
		{AE4162CE-7EFE-4370-ADC7-03CE91FFF406}.Release|Any CPU.Build.0 = Release|Any CPU
		{078D5E57-0B63-4047-863F-3CF0CE1ED79B}.Debug|Any CPU.ActiveCfg = Debug|Any CPU
		{078D5E57-0B63-4047-863F-3CF0CE1ED79B}.Debug|Any CPU.Build.0 = Debug|Any CPU
		{078D5E57-0B63-4047-863F-3CF0CE1ED79B}.Release|Any CPU.ActiveCfg = Release|Any CPU
		{078D5E57-0B63-4047-863F-3CF0CE1ED79B}.Release|Any CPU.Build.0 = Release|Any CPU
	EndGlobalSection
	GlobalSection(SolutionProperties) = preSolution
		HideSolutionNode = FALSE
	EndGlobalSection
	GlobalSection(ExtensibilityGlobals) = postSolution
		SolutionGuid = {E6295CD5-73C2-45EE-8BB4-CF30774D1916}
	EndGlobalSection
EndGlobal
