
Microsoft Visual Studio Solution File, Format Version 12.00
# Visual Studio Version 17
VisualStudioVersion = 17.9.34723.18
MinimumVisualStudioVersion = 10.0.40219.1
Project("{FAE04EC0-301F-11D3-BF4B-00C04F79EFBC}") = "az204quizmasterAPI", "az204quizmasterAPI\az204quizmasterAPI.csproj", "{AE4162CE-7EFE-4370-ADC7-03CE91FFF406}"
EndProject
Global
	GlobalSection(SolutionConfigurationPlatforms) = preSolution
		Debug|Any CPU = Debug|Any CPU
		Release|Any CPU = Release|Any CPU
	EndGlobalSection
	GlobalSection(ProjectConfigurationPlatforms) = postSolution
		{AE4162CE-7EFE-4370-ADC7-03CE91FFF406}.Debug|Any CPU.ActiveCfg = Debug|Any CPU
		{AE4162CE-7EFE-4370-ADC7-03CE91FFF406}.Debug|Any CPU.Build.0 = Debug|Any CPU
		{AE4162CE-7EFE-4370-ADC7-03CE91FFF406}.Release|Any CPU.ActiveCfg = Release|Any CPU
		{AE4162CE-7EFE-4370-ADC7-03CE91FFF406}.Release|Any CPU.Build.0 = Release|Any CPU
	EndGlobalSection
	GlobalSection(SolutionProperties) = preSolution
		HideSolutionNode = FALSE
	EndGlobalSection
	GlobalSection(ExtensibilityGlobals) = postSolution
		SolutionGuid = {E6295CD5-73C2-45EE-8BB4-CF30774D1916}
	EndGlobalSection
EndGlobal
